
Microsoft Visual Studio Solution File, Format Version 12.00
# Visual Studio Version 17
VisualStudioVersion = 17.1.32414.318
MinimumVisualStudioVersion = 10.0.40219.1
Project("{FAE04EC0-301F-11D3-BF4B-00C04F79EFBC}") = "BenchTimeApp.UI", "BenchTimeApp.UI\BenchTimeApp.UI.csproj", "{97B05422-C263-499B-942D-282444A0F24F}"
EndProject
Project("{FAE04EC0-301F-11D3-BF4B-00C04F79EFBC}") = "BenchTimeApp.Library", "BenchTimeApp.Library\BenchTimeApp.Library.csproj", "{02210477-2220-4A0F-AB24-16EE6EA287C9}"
EndProject
Project("{2150E333-8FDC-42A3-9474-1A3956D46DE8}") = "Solution Items", "Solution Items", "{861921C1-8596-46BC-80BC-12853A265F5C}"
	ProjectSection(SolutionItems) = preProject
		.editorconfig = .editorconfig
	EndProjectSection
EndProject
Global
	GlobalSection(SolutionConfigurationPlatforms) = preSolution
		Debug|Any CPU = Debug|Any CPU
		Release|Any CPU = Release|Any CPU
	EndGlobalSection
	GlobalSection(ProjectConfigurationPlatforms) = postSolution
		{97B05422-C263-499B-942D-282444A0F24F}.Debug|Any CPU.ActiveCfg = Debug|Any CPU
		{97B05422-C263-499B-942D-282444A0F24F}.Debug|Any CPU.Build.0 = Debug|Any CPU
		{97B05422-C263-499B-942D-282444A0F24F}.Release|Any CPU.ActiveCfg = Release|Any CPU
		{97B05422-C263-499B-942D-282444A0F24F}.Release|Any CPU.Build.0 = Release|Any CPU
		{02210477-2220-4A0F-AB24-16EE6EA287C9}.Debug|Any CPU.ActiveCfg = Debug|Any CPU
		{02210477-2220-4A0F-AB24-16EE6EA287C9}.Debug|Any CPU.Build.0 = Debug|Any CPU
		{02210477-2220-4A0F-AB24-16EE6EA287C9}.Release|Any CPU.ActiveCfg = Release|Any CPU
		{02210477-2220-4A0F-AB24-16EE6EA287C9}.Release|Any CPU.Build.0 = Release|Any CPU
	EndGlobalSection
	GlobalSection(SolutionProperties) = preSolution
		HideSolutionNode = FALSE
	EndGlobalSection
	GlobalSection(ExtensibilityGlobals) = postSolution
		SolutionGuid = {C07CD5B4-A146-48EC-B761-BC13C9F8594D}
	EndGlobalSection
EndGlobal
